
Microsoft Visual Studio Solution File, Format Version 12.00
# Visual Studio Version 17
VisualStudioVersion = 17.11.35312.102
MinimumVisualStudioVersion = 10.0.40219.1
Project("{FAE04EC0-301F-11D3-BF4B-00C04F79EFBC}") = "AutoFluentValidation", "AutoFluentValidation\AutoFluentValidation.csproj", "{CD265A2A-DD91-4A64-A2AB-8F591C6612ED}"
EndProject
Project("{FAE04EC0-301F-11D3-BF4B-00C04F79EFBC}") = "Validation.WebApi", "Validation.WebApi\Validation.WebApi.csproj", "{2CC427DE-19CE-4A8C-8290-0D7546D00FF7}"
EndProject
Global
	GlobalSection(SolutionConfigurationPlatforms) = preSolution
		Debug|Any CPU = Debug|Any CPU
		Release|Any CPU = Release|Any CPU
	EndGlobalSection
	GlobalSection(ProjectConfigurationPlatforms) = postSolution
		{CD265A2A-DD91-4A64-A2AB-8F591C6612ED}.Debug|Any CPU.ActiveCfg = Debug|Any CPU
		{CD265A2A-DD91-4A64-A2AB-8F591C6612ED}.Debug|Any CPU.Build.0 = Debug|Any CPU
		{CD265A2A-DD91-4A64-A2AB-8F591C6612ED}.Release|Any CPU.ActiveCfg = Release|Any CPU
		{CD265A2A-DD91-4A64-A2AB-8F591C6612ED}.Release|Any CPU.Build.0 = Release|Any CPU
		{2CC427DE-19CE-4A8C-8290-0D7546D00FF7}.Debug|Any CPU.ActiveCfg = Debug|Any CPU
		{2CC427DE-19CE-4A8C-8290-0D7546D00FF7}.Debug|Any CPU.Build.0 = Debug|Any CPU
		{2CC427DE-19CE-4A8C-8290-0D7546D00FF7}.Release|Any CPU.ActiveCfg = Release|Any CPU
		{2CC427DE-19CE-4A8C-8290-0D7546D00FF7}.Release|Any CPU.Build.0 = Release|Any CPU
	EndGlobalSection
	GlobalSection(SolutionProperties) = preSolution
		HideSolutionNode = FALSE
	EndGlobalSection
	GlobalSection(ExtensibilityGlobals) = postSolution
		SolutionGuid = {010E1E77-D093-40C5-83E1-DF974DD1035A}
	EndGlobalSection
EndGlobal
